
Microsoft Visual Studio Solution File, Format Version 12.00
# Visual Studio Version 17
VisualStudioVersion = 17.6.33829.357
MinimumVisualStudioVersion = 10.0.40219.1
Project("{9A19103F-16F7-4668-BE54-9A1E7A4F7556}") = "FAMIS360IntegrationDemo", "FAMIS360IntegrationDemo.csproj", "{337826B0-74DD-4081-BCFD-137CA0EBDF96}"
EndProject
Project("{FAE04EC0-301F-11D3-BF4B-00C04F79EFBC}") = "FAMIS360IntegrationComplete", "..\FAMIS360IntegrationComplete\FAMIS360IntegrationComplete.csproj", "{1205C3AD-6FFA-49C8-8A8F-B5B0861D7DCF}"
EndProject
Global
	GlobalSection(SolutionConfigurationPlatforms) = preSolution
		Debug|Any CPU = Debug|Any CPU
		Release|Any CPU = Release|Any CPU
	EndGlobalSection
	GlobalSection(ProjectConfigurationPlatforms) = postSolution
		{337826B0-74DD-4081-BCFD-137CA0EBDF96}.Debug|Any CPU.ActiveCfg = Debug|Any CPU
		{337826B0-74DD-4081-BCFD-137CA0EBDF96}.Debug|Any CPU.Build.0 = Debug|Any CPU
		{337826B0-74DD-4081-BCFD-137CA0EBDF96}.Release|Any CPU.ActiveCfg = Release|Any CPU
		{337826B0-74DD-4081-BCFD-137CA0EBDF96}.Release|Any CPU.Build.0 = Release|Any CPU
		{1205C3AD-6FFA-49C8-8A8F-B5B0861D7DCF}.Debug|Any CPU.ActiveCfg = Debug|Any CPU
		{1205C3AD-6FFA-49C8-8A8F-B5B0861D7DCF}.Debug|Any CPU.Build.0 = Debug|Any CPU
		{1205C3AD-6FFA-49C8-8A8F-B5B0861D7DCF}.Release|Any CPU.ActiveCfg = Release|Any CPU
		{1205C3AD-6FFA-49C8-8A8F-B5B0861D7DCF}.Release|Any CPU.Build.0 = Release|Any CPU
	EndGlobalSection
	GlobalSection(SolutionProperties) = preSolution
		HideSolutionNode = FALSE
	EndGlobalSection
	GlobalSection(ExtensibilityGlobals) = postSolution
		SolutionGuid = {0AAD53FF-CCF8-4E74-9549-43ABA1B8E704}
	EndGlobalSection
EndGlobal
